
Microsoft Visual Studio Solution File, Format Version 12.00
# Visual Studio Version 17
VisualStudioVersion = 17.11.35222.181
MinimumVisualStudioVersion = 10.0.40219.1
Project("{8BC9CEB8-8B4A-11D0-8D11-00A0C91BC942}") = "report#3-3", "report#3-3\report#3-3.vcxproj", "{91635205-1245-4EF5-9A1C-99BE93953E75}"
EndProject
Global
	GlobalSection(SolutionConfigurationPlatforms) = preSolution
		Debug|x64 = Debug|x64
		Debug|x86 = Debug|x86
		Release|x64 = Release|x64
		Release|x86 = Release|x86
	EndGlobalSection
	GlobalSection(ProjectConfigurationPlatforms) = postSolution
		{91635205-1245-4EF5-9A1C-99BE93953E75}.Debug|x64.ActiveCfg = Debug|x64
		{91635205-1245-4EF5-9A1C-99BE93953E75}.Debug|x64.Build.0 = Debug|x64
		{91635205-1245-4EF5-9A1C-99BE93953E75}.Debug|x86.ActiveCfg = Debug|Win32
		{91635205-1245-4EF5-9A1C-99BE93953E75}.Debug|x86.Build.0 = Debug|Win32
		{91635205-1245-4EF5-9A1C-99BE93953E75}.Release|x64.ActiveCfg = Release|x64
		{91635205-1245-4EF5-9A1C-99BE93953E75}.Release|x64.Build.0 = Release|x64
		{91635205-1245-4EF5-9A1C-99BE93953E75}.Release|x86.ActiveCfg = Release|Win32
		{91635205-1245-4EF5-9A1C-99BE93953E75}.Release|x86.Build.0 = Release|Win32
	EndGlobalSection
	GlobalSection(SolutionProperties) = preSolution
		HideSolutionNode = FALSE
	EndGlobalSection
	GlobalSection(ExtensibilityGlobals) = postSolution
		SolutionGuid = {D97BC683-5D81-43AB-AF0B-7401863BAC99}
	EndGlobalSection
EndGlobal
