
Microsoft Visual Studio Solution File, Format Version 12.00
# Visual Studio Version 17
VisualStudioVersion = 17.11.35222.181
MinimumVisualStudioVersion = 10.0.40219.1
Project("{8BC9CEB8-8B4A-11D0-8D11-00A0C91BC942}") = "report#2-3B", "report#2-3B\report#2-3B.vcxproj", "{5B31AE09-2258-4B29-900A-ABDF0187080D}"
EndProject
Global
	GlobalSection(SolutionConfigurationPlatforms) = preSolution
		Debug|x64 = Debug|x64
		Debug|x86 = Debug|x86
		Release|x64 = Release|x64
		Release|x86 = Release|x86
	EndGlobalSection
	GlobalSection(ProjectConfigurationPlatforms) = postSolution
		{5B31AE09-2258-4B29-900A-ABDF0187080D}.Debug|x64.ActiveCfg = Debug|x64
		{5B31AE09-2258-4B29-900A-ABDF0187080D}.Debug|x64.Build.0 = Debug|x64
		{5B31AE09-2258-4B29-900A-ABDF0187080D}.Debug|x86.ActiveCfg = Debug|Win32
		{5B31AE09-2258-4B29-900A-ABDF0187080D}.Debug|x86.Build.0 = Debug|Win32
		{5B31AE09-2258-4B29-900A-ABDF0187080D}.Release|x64.ActiveCfg = Release|x64
		{5B31AE09-2258-4B29-900A-ABDF0187080D}.Release|x64.Build.0 = Release|x64
		{5B31AE09-2258-4B29-900A-ABDF0187080D}.Release|x86.ActiveCfg = Release|Win32
		{5B31AE09-2258-4B29-900A-ABDF0187080D}.Release|x86.Build.0 = Release|Win32
	EndGlobalSection
	GlobalSection(SolutionProperties) = preSolution
		HideSolutionNode = FALSE
	EndGlobalSection
	GlobalSection(ExtensibilityGlobals) = postSolution
		SolutionGuid = {61DE9FC7-751A-415B-A377-BD2C9369AAFD}
	EndGlobalSection
EndGlobal
