
Microsoft Visual Studio Solution File, Format Version 12.00
# Visual Studio Version 17
VisualStudioVersion = 17.2.32630.192
MinimumVisualStudioVersion = 10.0.40219.1
Project("{8BC9CEB8-8B4A-11D0-8D11-00A0C91BC942}") = "practice2", "practice2.vcxproj", "{427DFFFC-A95C-47F7-AE6F-D6ECABE5BB49}"
EndProject
Global
	GlobalSection(SolutionConfigurationPlatforms) = preSolution
		Debug|x64 = Debug|x64
		Debug|x86 = Debug|x86
		Release|x64 = Release|x64
		Release|x86 = Release|x86
	EndGlobalSection
	GlobalSection(ProjectConfigurationPlatforms) = postSolution
		{427DFFFC-A95C-47F7-AE6F-D6ECABE5BB49}.Debug|x64.ActiveCfg = Debug|x64
		{427DFFFC-A95C-47F7-AE6F-D6ECABE5BB49}.Debug|x64.Build.0 = Debug|x64
		{427DFFFC-A95C-47F7-AE6F-D6ECABE5BB49}.Debug|x86.ActiveCfg = Debug|Win32
		{427DFFFC-A95C-47F7-AE6F-D6ECABE5BB49}.Debug|x86.Build.0 = Debug|Win32
		{427DFFFC-A95C-47F7-AE6F-D6ECABE5BB49}.Release|x64.ActiveCfg = Release|x64
		{427DFFFC-A95C-47F7-AE6F-D6ECABE5BB49}.Release|x64.Build.0 = Release|x64
		{427DFFFC-A95C-47F7-AE6F-D6ECABE5BB49}.Release|x86.ActiveCfg = Release|Win32
		{427DFFFC-A95C-47F7-AE6F-D6ECABE5BB49}.Release|x86.Build.0 = Release|Win32
	EndGlobalSection
	GlobalSection(SolutionProperties) = preSolution
		HideSolutionNode = FALSE
	EndGlobalSection
	GlobalSection(ExtensibilityGlobals) = postSolution
		SolutionGuid = {16167F84-D28B-4140-8B81-E44D098E97B0}
	EndGlobalSection
EndGlobal
